// !$*UTF8*$!
{
	archiveVersion = 1;
	classes = {
	};
	objectVersion = 77;
	objects = {

/* Begin PBXContainerItemProxy section */
		47CFEC4E2E38B2EA002C97EF /* PBXContainerItemProxy */ = {
			isa = PBXContainerItemProxy;
			containerPortal = 47CFEC352E38B2E9002C97EF /* Project object */;
			proxyType = 1;
			remoteGlobalIDString = 47CFEC3C2E38B2E9002C97EF;
			remoteInfo = "Lender-s-Ledger";
		};
		47CFEC582E38B2EA002C97EF /* PBXContainerItemProxy */ = {
			isa = PBXContainerItemProxy;
			containerPortal = 47CFEC352E38B2E9002C97EF /* Project object */;
			proxyType = 1;
			remoteGlobalIDString = 47CFEC3C2E38B2E9002C97EF;
			remoteInfo = "Lender-s-Ledger";
		};
/* End PBXContainerItemProxy section */

/* Begin PBXFileReference section */
		47CFEC3D2E38B2E9002C97EF /* Lender-s-Ledger.app */ = {isa = PBXFileReference; explicitFileType = wrapper.application; includeInIndex = 0; path = "Lender-s-Ledger.app"; sourceTree = BUILT_PRODUCTS_DIR; };
		47CFEC4D2E38B2EA002C97EF /* Lender-s-LedgerTests.xctest */ = {isa = PBXFileReference; explicitFileType = wrapper.cfbundle; includeInIndex = 0; path = "Lender-s-LedgerTests.xctest"; sourceTree = BUILT_PRODUCTS_DIR; };
		47CFEC572E38B2EA002C97EF /* Lender-s-LedgerUITests.xctest */ = {isa = PBXFileReference; explicitFileType = wrapper.cfbundle; includeInIndex = 0; path = "Lender-s-LedgerUITests.xctest"; sourceTree = BUILT_PRODUCTS_DIR; };
/* End PBXFileReference section */

/* Begin PBXFileSystemSynchronizedRootGroup section */
		47CFEC3F2E38B2E9002C97EF /* Lender-s-Ledger */ = {
			isa = PBXFileSystemSynchronizedRootGroup;
			path = "Lender-s-Ledger";
			sourceTree = "<group>";
		};
		47CFEC502E38B2EA002C97EF /* Lender-s-LedgerTests */ = {
			isa = PBXFileSystemSynchronizedRootGroup;
			path = "Lender-s-LedgerTests";
			sourceTree = "<group>";
		};
		47CFEC5A2E38B2EA002C97EF /* Lender-s-LedgerUITests */ = {
			isa = PBXFileSystemSynchronizedRootGroup;
			path = "Lender-s-LedgerUITests";
			sourceTree = "<group>";
		};
/* End PBXFileSystemSynchronizedRootGroup section */

/* Begin PBXFrameworksBuildPhase section */
		47CFEC3A2E38B2E9002C97EF /* Frameworks */ = {
			isa = PBXFrameworksBuildPhase;
			buildActionMask = 2147483647;
			files = (
			);
			runOnlyForDeploymentPostprocessing = 0;
		};
		47CFEC4A2E38B2EA002C97EF /* Frameworks */ = {
			isa = PBXFrameworksBuildPhase;
			buildActionMask = 2147483647;
			files = (
			);
			runOnlyForDeploymentPostprocessing = 0;
		};
		47CFEC542E38B2EA002C97EF /* Frameworks */ = {
			isa = PBXFrameworksBuildPhase;
			buildActionMask = 2147483647;
			files = (
			);
			runOnlyForDeploymentPostprocessing = 0;
		};
/* End PBXFrameworksBuildPhase section */

/* Begin PBXGroup section */
		47CFEC342E38B2E9002C97EF = {
			isa = PBXGroup;
			children = (
				47CFEC3F2E38B2E9002C97EF /* Lender-s-Ledger */,
				47CFEC502E38B2EA002C97EF /* Lender-s-LedgerTests */,
				47CFEC5A2E38B2EA002C97EF /* Lender-s-LedgerUITests */,
				47CFEC3E2E38B2E9002C97EF /* Products */,
			);
			sourceTree = "<group>";
		};
		47CFEC3E2E38B2E9002C97EF /* Products */ = {
			isa = PBXGroup;
			children = (
				47CFEC3D2E38B2E9002C97EF /* Lender-s-Ledger.app */,
				47CFEC4D2E38B2EA002C97EF /* Lender-s-LedgerTests.xctest */,
				47CFEC572E38B2EA002C97EF /* Lender-s-LedgerUITests.xctest */,
			);
			name = Products;
			sourceTree = "<group>";
		};
/* End PBXGroup section */

/* Begin PBXNativeTarget section */
		47CFEC3C2E38B2E9002C97EF /* Lender-s-Ledger */ = {
			isa = PBXNativeTarget;
			buildConfigurationList = 47CFEC612E38B2EA002C97EF /* Build configuration list for PBXNativeTarget "Lender-s-Ledger" */;
			buildPhases = (
				47CFEC392E38B2E9002C97EF /* Sources */,
				47CFEC3A2E38B2E9002C97EF /* Frameworks */,
				47CFEC3B2E38B2E9002C97EF /* Resources */,
			);
			buildRules = (
			);
			dependencies = (
			);
			fileSystemSynchronizedGroups = (
				47CFEC3F2E38B2E9002C97EF /* Lender-s-Ledger */,
			);
			name = "Lender-s-Ledger";
			packageProductDependencies = (
			);
			productName = "Lender-s-Ledger";
			productReference = 47CFEC3D2E38B2E9002C97EF /* Lender-s-Ledger.app */;
			productType = "com.apple.product-type.application";
		};
		47CFEC4C2E38B2EA002C97EF /* Lender-s-LedgerTests */ = {
			isa = PBXNativeTarget;
			buildConfigurationList = 47CFEC642E38B2EA002C97EF /* Build configuration list for PBXNativeTarget "Lender-s-LedgerTests" */;
			buildPhases = (
				47CFEC492E38B2EA002C97EF /* Sources */,
				47CFEC4A2E38B2EA002C97EF /* Frameworks */,
				47CFEC4B2E38B2EA002C97EF /* Resources */,
			);
			buildRules = (
			);
			dependencies = (
				47CFEC4F2E38B2EA002C97EF /* PBXTargetDependency */,
			);
			fileSystemSynchronizedGroups = (
				47CFEC502E38B2EA002C97EF /* Lender-s-LedgerTests */,
			);
			name = "Lender-s-LedgerTests";
			packageProductDependencies = (
			);
			productName = "Lender-s-LedgerTests";
			productReference = 47CFEC4D2E38B2EA002C97EF /* Lender-s-LedgerTests.xctest */;
			productType = "com.apple.product-type.bundle.unit-test";
		};
		47CFEC562E38B2EA002C97EF /* Lender-s-LedgerUITests */ = {
			isa = PBXNativeTarget;
			buildConfigurationList = 47CFEC672E38B2EA002C97EF /* Build configuration list for PBXNativeTarget "Lender-s-LedgerUITests" */;
			buildPhases = (
				47CFEC532E38B2EA002C97EF /* Sources */,
				47CFEC542E38B2EA002C97EF /* Frameworks */,
				47CFEC552E38B2EA002C97EF /* Resources */,
			);
			buildRules = (
			);
			dependencies = (
				47CFEC592E38B2EA002C97EF /* PBXTargetDependency */,
			);
			fileSystemSynchronizedGroups = (
				47CFEC5A2E38B2EA002C97EF /* Lender-s-LedgerUITests */,
			);
			name = "Lender-s-LedgerUITests";
			packageProductDependencies = (
			);
			productName = "Lender-s-LedgerUITests";
			productReference = 47CFEC572E38B2EA002C97EF /* Lender-s-LedgerUITests.xctest */;
			productType = "com.apple.product-type.bundle.ui-testing";
		};
/* End PBXNativeTarget section */

/* Begin PBXProject section */
		47CFEC352E38B2E9002C97EF /* Project object */ = {
			isa = PBXProject;
			attributes = {
				BuildIndependentTargetsInParallel = 1;
				LastSwiftUpdateCheck = 1620;
				LastUpgradeCheck = 1620;
				TargetAttributes = {
					47CFEC3C2E38B2E9002C97EF = {
						CreatedOnToolsVersion = 16.2;
					};
					47CFEC4C2E38B2EA002C97EF = {
						CreatedOnToolsVersion = 16.2;
						TestTargetID = 47CFEC3C2E38B2E9002C97EF;
					};
					47CFEC562E38B2EA002C97EF = {
						CreatedOnToolsVersion = 16.2;
						TestTargetID = 47CFEC3C2E38B2E9002C97EF;
					};
				};
			};
			buildConfigurationList = 47CFEC382E38B2E9002C97EF /* Build configuration list for PBXProject "Lender-s-Ledger" */;
			developmentRegion = en;
			hasScannedForEncodings = 0;
			knownRegions = (
				en,
				Base,
			);
			mainGroup = 47CFEC342E38B2E9002C97EF;
			minimizedProjectReferenceProxies = 1;
			preferredProjectObjectVersion = 77;
			productRefGroup = 47CFEC3E2E38B2E9002C97EF /* Products */;
			projectDirPath = "";
			projectRoot = "";
			targets = (
				47CFEC3C2E38B2E9002C97EF /* Lender-s-Ledger */,
				47CFEC4C2E38B2EA002C97EF /* Lender-s-LedgerTests */,
				47CFEC562E38B2EA002C97EF /* Lender-s-LedgerUITests */,
			);
		};
/* End PBXProject section */

/* Begin PBXResourcesBuildPhase section */
		47CFEC3B2E38B2E9002C97EF /* Resources */ = {
			isa = PBXResourcesBuildPhase;
			buildActionMask = 2147483647;
			files = (
			);
			runOnlyForDeploymentPostprocessing = 0;
		};
		47CFEC4B2E38B2EA002C97EF /* Resources */ = {
			isa = PBXResourcesBuildPhase;
			buildActionMask = 2147483647;
			files = (
			);
			runOnlyForDeploymentPostprocessing = 0;
		};
		47CFEC552E38B2EA002C97EF /* Resources */ = {
			isa = PBXResourcesBuildPhase;
			buildActionMask = 2147483647;
			files = (
			);
			runOnlyForDeploymentPostprocessing = 0;
		};
/* End PBXResourcesBuildPhase section */

/* Begin PBXSourcesBuildPhase section */
		47CFEC392E38B2E9002C97EF /* Sources */ = {
			isa = PBXSourcesBuildPhase;
			buildActionMask = 2147483647;
			files = (
			);
			runOnlyForDeploymentPostprocessing = 0;
		};
		47CFEC492E38B2EA002C97EF /* Sources */ = {
			isa = PBXSourcesBuildPhase;
			buildActionMask = 2147483647;
			files = (
			);
			runOnlyForDeploymentPostprocessing = 0;
		};
		47CFEC532E38B2EA002C97EF /* Sources */ = {
			isa = PBXSourcesBuildPhase;
			buildActionMask = 2147483647;
			files = (
			);
			runOnlyForDeploymentPostprocessing = 0;
		};
/* End PBXSourcesBuildPhase section */

/* Begin PBXTargetDependency section */
		47CFEC4F2E38B2EA002C97EF /* PBXTargetDependency */ = {
			isa = PBXTargetDependency;
			target = 47CFEC3C2E38B2E9002C97EF /* Lender-s-Ledger */;
			targetProxy = 47CFEC4E2E38B2EA002C97EF /* PBXContainerItemProxy */;
		};
		47CFEC592E38B2EA002C97EF /* PBXTargetDependency */ = {
			isa = PBXTargetDependency;
			target = 47CFEC3C2E38B2E9002C97EF /* Lender-s-Ledger */;
			targetProxy = 47CFEC582E38B2EA002C97EF /* PBXContainerItemProxy */;
		};
/* End PBXTargetDependency section */

/* Begin XCBuildConfiguration section */
		47CFEC5F2E38B2EA002C97EF /* Debug */ = {
			isa = XCBuildConfiguration;
			buildSettings = {
				ALWAYS_SEARCH_USER_PATHS = NO;
				ASSETCATALOG_COMPILER_GENERATE_SWIFT_ASSET_SYMBOL_EXTENSIONS = YES;
				CLANG_ANALYZER_NONNULL = YES;
				CLANG_ANALYZER_NUMBER_OBJECT_CONVERSION = YES_AGGRESSIVE;
				CLANG_CXX_LANGUAGE_STANDARD = "gnu++20";
				CLANG_ENABLE_MODULES = YES;
				CLANG_ENABLE_OBJC_ARC = YES;
				CLANG_ENABLE_OBJC_WEAK = YES;
				CLANG_WARN_BLOCK_CAPTURE_AUTORELEASING = YES;
				CLANG_WARN_BOOL_CONVERSION = YES;
				CLANG_WARN_COMMA = YES;
				CLANG_WARN_CONSTANT_CONVERSION = YES;
				CLANG_WARN_DEPRECATED_OBJC_IMPLEMENTATIONS = YES;
				CLANG_WARN_DIRECT_OBJC_ISA_USAGE = YES_ERROR;
				CLANG_WARN_DOCUMENTATION_COMMENTS = YES;
				CLANG_WARN_EMPTY_BODY = YES;
				CLANG_WARN_ENUM_CONVERSION = YES;
				CLANG_WARN_INFINITE_RECURSION = YES;
				CLANG_WARN_INT_CONVERSION = YES;
				CLANG_WARN_NON_LITERAL_NULL_CONVERSION = YES;
				CLANG_WARN_OBJC_IMPLICIT_RETAIN_SELF = YES;
				CLANG_WARN_OBJC_LITERAL_CONVERSION = YES;
				CLANG_WARN_OBJC_ROOT_CLASS = YES_ERROR;
				CLANG_WARN_QUOTED_INCLUDE_IN_FRAMEWORK_HEADER = YES;
				CLANG_WARN_RANGE_LOOP_ANALYSIS = YES;
				CLANG_WARN_STRICT_PROTOTYPES = YES;
				CLANG_WARN_SUSPICIOUS_MOVE = YES;
				CLANG_WARN_UNGUARDED_AVAILABILITY = YES_AGGRESSIVE;
				CLANG_WARN_UNREACHABLE_CODE = YES;
				CLANG_WARN__DUPLICATE_METHOD_MATCH = YES;
				COPY_PHASE_STRIP = NO;
				DEBUG_INFORMATION_FORMAT = dwarf;
				ENABLE_STRICT_OBJC_MSGSEND = YES;
				ENABLE_TESTABILITY = YES;
				ENABLE_USER_SCRIPT_SANDBOXING = YES;
				GCC_C_LANGUAGE_STANDARD = gnu17;
				GCC_DYNAMIC_NO_PIC = NO;
				GCC_NO_COMMON_BLOCKS = YES;
				GCC_OPTIMIZATION_LEVEL = 0;
				GCC_PREPROCESSOR_DEFINITIONS = (
					"DEBUG=1",
					"$(inherited)",
				);
				GCC_WARN_64_TO_32_BIT_CONVERSION = YES;
				GCC_WARN_ABOUT_RETURN_TYPE = YES_ERROR;
				GCC_WARN_UNDECLARED_SELECTOR = YES;
				GCC_WARN_UNINITIALIZED_AUTOS = YES_AGGRESSIVE;
				GCC_WARN_UNUSED_FUNCTION = YES;
				GCC_WARN_UNUSED_VARIABLE = YES;
				IPHONEOS_DEPLOYMENT_TARGET = 18.2;
				LOCALIZATION_PREFERS_STRING_CATALOGS = YES;
				MTL_ENABLE_DEBUG_INFO = INCLUDE_SOURCE;
				MTL_FAST_MATH = YES;
				ONLY_ACTIVE_ARCH = YES;
				SDKROOT = iphoneos;
				SWIFT_ACTIVE_COMPILATION_CONDITIONS = "DEBUG $(inherited)";
				SWIFT_OPTIMIZATION_LEVEL = "-Onone";
			};
			name = Debug;
		};
		47CFEC602E38B2EA002C97EF /* Release */ = {
			isa = XCBuildConfiguration;
			buildSettings = {
				ALWAYS_SEARCH_USER_PATHS = NO;
				ASSETCATALOG_COMPILER_GENERATE_SWIFT_ASSET_SYMBOL_EXTENSIONS = YES;
				CLANG_ANALYZER_NONNULL = YES;
				CLANG_ANALYZER_NUMBER_OBJECT_CONVERSION = YES_AGGRESSIVE;
				CLANG_CXX_LANGUAGE_STANDARD = "gnu++20";
				CLANG_ENABLE_MODULES = YES;
				CLANG_ENABLE_OBJC_ARC = YES;
				CLANG_ENABLE_OBJC_WEAK = YES;
				CLANG_WARN_BLOCK_CAPTURE_AUTORELEASING = YES;
				CLANG_WARN_BOOL_CONVERSION = YES;
				CLANG_WARN_COMMA = YES;
				CLANG_WARN_CONSTANT_CONVERSION = YES;
				CLANG_WARN_DEPRECATED_OBJC_IMPLEMENTATIONS = YES;
				CLANG_WARN_DIRECT_OBJC_ISA_USAGE = YES_ERROR;
				CLANG_WARN_DOCUMENTATION_COMMENTS = YES;
				CLANG_WARN_EMPTY_BODY = YES;
				CLANG_WARN_ENUM_CONVERSION = YES;
				CLANG_WARN_INFINITE_RECURSION = YES;
				CLANG_WARN_INT_CONVERSION = YES;
				CLANG_WARN_NON_LITERAL_NULL_CONVERSION = YES;
				CLANG_WARN_OBJC_IMPLICIT_RETAIN_SELF = YES;
				CLANG_WARN_OBJC_LITERAL_CONVERSION = YES;
				CLANG_WARN_OBJC_ROOT_CLASS = YES_ERROR;
				CLANG_WARN_QUOTED_INCLUDE_IN_FRAMEWORK_HEADER = YES;
				CLANG_WARN_RANGE_LOOP_ANALYSIS = YES;
				CLANG_WARN_STRICT_PROTOTYPES = YES;
				CLANG_WARN_SUSPICIOUS_MOVE = YES;
				CLANG_WARN_UNGUARDED_AVAILABILITY = YES_AGGRESSIVE;
				CLANG_WARN_UNREACHABLE_CODE = YES;
				CLANG_WARN__DUPLICATE_METHOD_MATCH = YES;
				COPY_PHASE_STRIP = NO;
				DEBUG_INFORMATION_FORMAT = "dwarf-with-dsym";
				ENABLE_NS_ASSERTIONS = NO;
				ENABLE_STRICT_OBJC_MSGSEND = YES;
				ENABLE_USER_SCRIPT_SANDBOXING = YES;
				GCC_C_LANGUAGE_STANDARD = gnu17;
				GCC_NO_COMMON_BLOCKS = YES;
				GCC_WARN_64_TO_32_BIT_CONVERSION = YES;
				GCC_WARN_ABOUT_RETURN_TYPE = YES_ERROR;
				GCC_WARN_UNDECLARED_SELECTOR = YES;
				GCC_WARN_UNINITIALIZED_AUTOS = YES_AGGRESSIVE;
				GCC_WARN_UNUSED_FUNCTION = YES;
				GCC_WARN_UNUSED_VARIABLE = YES;
				IPHONEOS_DEPLOYMENT_TARGET = 18.2;
				LOCALIZATION_PREFERS_STRING_CATALOGS = YES;
				MTL_ENABLE_DEBUG_INFO = NO;
				MTL_FAST_MATH = YES;
				SDKROOT = iphoneos;
				SWIFT_COMPILATION_MODE = wholemodule;
				VALIDATE_PRODUCT = YES;
			};
			name = Release;
		};
		47CFEC622E38B2EA002C97EF /* Debug */ = {
			isa = XCBuildConfiguration;
			buildSettings = {
				ASSETCATALOG_COMPILER_APPICON_NAME = AppIcon;
				ASSETCATALOG_COMPILER_GLOBAL_ACCENT_COLOR_NAME = AccentColor;
				CODE_SIGN_STYLE = Automatic;
				CURRENT_PROJECT_VERSION = 1;
				DEVELOPMENT_ASSET_PATHS = "\"Lender-s-Ledger/Preview Content\"";
				ENABLE_PREVIEWS = YES;
				GENERATE_INFOPLIST_FILE = YES;
				INFOPLIST_KEY_UIApplicationSceneManifest_Generation = YES;
				INFOPLIST_KEY_UIApplicationSupportsIndirectInputEvents = YES;
				INFOPLIST_KEY_UILaunchScreen_Generation = YES;
				INFOPLIST_KEY_UISupportedInterfaceOrientations_iPad = "UIInterfaceOrientationPortrait UIInterfaceOrientationPortraitUpsideDown UIInterfaceOrientationLandscapeLeft UIInterfaceOrientationLandscapeRight";
				INFOPLIST_KEY_UISupportedInterfaceOrientations_iPhone = "UIInterfaceOrientationPortrait UIInterfaceOrientationLandscapeLeft UIInterfaceOrientationLandscapeRight";
				LD_RUNPATH_SEARCH_PATHS = (
					"$(inherited)",
					"@executable_path/Frameworks",
				);
				MARKETING_VERSION = 1.0;
				PRODUCT_BUNDLE_IDENTIFIER = "Roger.Lender-s-Ledger";
				PRODUCT_NAME = "$(TARGET_NAME)";
				SWIFT_EMIT_LOC_STRINGS = YES;
				SWIFT_VERSION = 5.0;
				TARGETED_DEVICE_FAMILY = "1,2";
			};
			name = Debug;
		};
		47CFEC632E38B2EA002C97EF /* Release */ = {
			isa = XCBuildConfiguration;
			buildSettings = {
				ASSETCATALOG_COMPILER_APPICON_NAME = AppIcon;
				ASSETCATALOG_COMPILER_GLOBAL_ACCENT_COLOR_NAME = AccentColor;
				CODE_SIGN_STYLE = Automatic;
				CURRENT_PROJECT_VERSION = 1;
				DEVELOPMENT_ASSET_PATHS = "\"Lender-s-Ledger/Preview Content\"";
				ENABLE_PREVIEWS = YES;
				GENERATE_INFOPLIST_FILE = YES;
				INFOPLIST_KEY_UIApplicationSceneManifest_Generation = YES;
				INFOPLIST_KEY_UIApplicationSupportsIndirectInputEvents = YES;
				INFOPLIST_KEY_UILaunchScreen_Generation = YES;
				INFOPLIST_KEY_UISupportedInterfaceOrientations_iPad = "UIInterfaceOrientationPortrait UIInterfaceOrientationPortraitUpsideDown UIInterfaceOrientationLandscapeLeft UIInterfaceOrientationLandscapeRight";
				INFOPLIST_KEY_UISupportedInterfaceOrientations_iPhone = "UIInterfaceOrientationPortrait UIInterfaceOrientationLandscapeLeft UIInterfaceOrientationLandscapeRight";
				LD_RUNPATH_SEARCH_PATHS = (
					"$(inherited)",
					"@executable_path/Frameworks",
				);
				MARKETING_VERSION = 1.0;
				PRODUCT_BUNDLE_IDENTIFIER = "Roger.Lender-s-Ledger";
				PRODUCT_NAME = "$(TARGET_NAME)";
				SWIFT_EMIT_LOC_STRINGS = YES;
				SWIFT_VERSION = 5.0;
				TARGETED_DEVICE_FAMILY = "1,2";
			};
			name = Release;
		};
		47CFEC652E38B2EA002C97EF /* Debug */ = {
			isa = XCBuildConfiguration;
			buildSettings = {
				BUNDLE_LOADER = "$(TEST_HOST)";
				CODE_SIGN_STYLE = Automatic;
				CURRENT_PROJECT_VERSION = 1;
				GENERATE_INFOPLIST_FILE = YES;
				IPHONEOS_DEPLOYMENT_TARGET = 18.2;
				MARKETING_VERSION = 1.0;
				PRODUCT_BUNDLE_IDENTIFIER = "Roger.Lender-s-LedgerTests";
				PRODUCT_NAME = "$(TARGET_NAME)";
				SWIFT_EMIT_LOC_STRINGS = NO;
				SWIFT_VERSION = 5.0;
				TARGETED_DEVICE_FAMILY = "1,2";
				TEST_HOST = "$(BUILT_PRODUCTS_DIR)/Lender-s-Ledger.app/$(BUNDLE_EXECUTABLE_FOLDER_PATH)/Lender-s-Ledger";
			};
			name = Debug;
		};
		47CFEC662E38B2EA002C97EF /* Release */ = {
			isa = XCBuildConfiguration;
			buildSettings = {
				BUNDLE_LOADER = "$(TEST_HOST)";
				CODE_SIGN_STYLE = Automatic;
				CURRENT_PROJECT_VERSION = 1;
				GENERATE_INFOPLIST_FILE = YES;
				IPHONEOS_DEPLOYMENT_TARGET = 18.2;
				MARKETING_VERSION = 1.0;
				PRODUCT_BUNDLE_IDENTIFIER = "Roger.Lender-s-LedgerTests";
				PRODUCT_NAME = "$(TARGET_NAME)";
				SWIFT_EMIT_LOC_STRINGS = NO;
				SWIFT_VERSION = 5.0;
				TARGETED_DEVICE_FAMILY = "1,2";
				TEST_HOST = "$(BUILT_PRODUCTS_DIR)/Lender-s-Ledger.app/$(BUNDLE_EXECUTABLE_FOLDER_PATH)/Lender-s-Ledger";
			};
			name = Release;
		};
		47CFEC682E38B2EA002C97EF /* Debug */ = {
			isa = XCBuildConfiguration;
			buildSettings = {
				CODE_SIGN_STYLE = Automatic;
				CURRENT_PROJECT_VERSION = 1;
				GENERATE_INFOPLIST_FILE = YES;
				MARKETING_VERSION = 1.0;
				PRODUCT_BUNDLE_IDENTIFIER = "Roger.Lender-s-LedgerUITests";
				PRODUCT_NAME = "$(TARGET_NAME)";
				SWIFT_EMIT_LOC_STRINGS = NO;
				SWIFT_VERSION = 5.0;
				TARGETED_DEVICE_FAMILY = "1,2";
				TEST_TARGET_NAME = "Lender-s-Ledger";
			};
			name = Debug;
		};
		47CFEC692E38B2EA002C97EF /* Release */ = {
			isa = XCBuildConfiguration;
			buildSettings = {
				CODE_SIGN_STYLE = Automatic;
				CURRENT_PROJECT_VERSION = 1;
				GENERATE_INFOPLIST_FILE = YES;
				MARKETING_VERSION = 1.0;
				PRODUCT_BUNDLE_IDENTIFIER = "Roger.Lender-s-LedgerUITests";
				PRODUCT_NAME = "$(TARGET_NAME)";
				SWIFT_EMIT_LOC_STRINGS = NO;
				SWIFT_VERSION = 5.0;
				TARGETED_DEVICE_FAMILY = "1,2";
				TEST_TARGET_NAME = "Lender-s-Ledger";
			};
			name = Release;
		};
/* End XCBuildConfiguration section */

/* Begin XCConfigurationList section */
		47CFEC382E38B2E9002C97EF /* Build configuration list for PBXProject "Lender-s-Ledger" */ = {
			isa = XCConfigurationList;
			buildConfigurations = (
				47CFEC5F2E38B2EA002C97EF /* Debug */,
				47CFEC602E38B2EA002C97EF /* Release */,
			);
			defaultConfigurationIsVisible = 0;
			defaultConfigurationName = Release;
		};
		47CFEC612E38B2EA002C97EF /* Build configuration list for PBXNativeTarget "Lender-s-Ledger" */ = {
			isa = XCConfigurationList;
			buildConfigurations = (
				47CFEC622E38B2EA002C97EF /* Debug */,
				47CFEC632E38B2EA002C97EF /* Release */,
			);
			defaultConfigurationIsVisible = 0;
			defaultConfigurationName = Release;
		};
		47CFEC642E38B2EA002C97EF /* Build configuration list for PBXNativeTarget "Lender-s-LedgerTests" */ = {
			isa = XCConfigurationList;
			buildConfigurations = (
				47CFEC652E38B2EA002C97EF /* Debug */,
				47CFEC662E38B2EA002C97EF /* Release */,
			);
			defaultConfigurationIsVisible = 0;
			defaultConfigurationName = Release;
		};
		47CFEC672E38B2EA002C97EF /* Build configuration list for PBXNativeTarget "Lender-s-LedgerUITests" */ = {
			isa = XCConfigurationList;
			buildConfigurations = (
				47CFEC682E38B2EA002C97EF /* Debug */,
				47CFEC692E38B2EA002C97EF /* Release */,
			);
			defaultConfigurationIsVisible = 0;
			defaultConfigurationName = Release;
		};
/* End XCConfigurationList section */
	};
	rootObject = 47CFEC352E38B2E9002C97EF /* Project object */;
}
